// !$*UTF8*$!
{
	archiveVersion = 1;
	classes = {
	};
	objectVersion = 56;
	objects = {

/* Begin PBXBuildFile section */
		21BE041F9119BEFC92D75A73 /* Pods_ZappaStream.framework in Frameworks */ = {isa = PBXBuildFile; fileRef = 774EF79169BA133AE787E350 /* Pods_ZappaStream.framework */; };
		BE1A341F2F30C6D600647B01 /* ZappaStreamApp.swift in Sources */ = {isa = PBXBuildFile; fileRef = BE1A341E2F30C6D600647B01 /* ZappaStreamApp.swift */; };
		BE1A34212F30C6D600647B01 /* ContentView.swift in Sources */ = {isa = PBXBuildFile; fileRef = BE1A34202F30C6D600647B01 /* ContentView.swift */; };
		BE1A34232F30C6D600647B01 /* Item.swift in Sources */ = {isa = PBXBuildFile; fileRef = BE1A34222F30C6D600647B01 /* Item.swift */; };
		BE1A34252F30C6D800647B01 /* Assets.xcassets in Resources */ = {isa = PBXBuildFile; fileRef = BE1A34242F30C6D800647B01 /* Assets.xcassets */; };
		BE1A34292F30C6D800647B01 /* Preview Assets.xcassets in Resources */ = {isa = PBXBuildFile; fileRef = BE1A34282F30C6D800647B01 /* Preview Assets.xcassets */; };
		BE88693F2F31043D003E52DE /* IcecastStreamReader.swift in Sources */ = {isa = PBXBuildFile; fileRef = BE88693E2F31043D003E52DE /* IcecastStreamReader.swift */; };
		BE9A83BD2F33ABC900D3B5D7 /* ParsedTrackInfo.swift in Sources */ = {isa = PBXBuildFile; fileRef = BE9A83BC2F33ABC900D3B5D7 /* ParsedTrackInfo.swift */; };
		BE9A83BF2F33AC3500D3B5D7 /* Stream.swift in Sources */ = {isa = PBXBuildFile; fileRef = BE9A83BE2F33AC3500D3B5D7 /* Stream.swift */; };
		BED5C49C2F30D50C009DB6FE /* Cocoa.framework in Frameworks */ = {isa = PBXBuildFile; fileRef = BED5C49B2F30D50C009DB6FE /* Cocoa.framework */; platformFilters = (macos, ); };
		BEE59E1F2F3223DB00230D3D /* FZShowsFetcher.swift in Sources */ = {isa = PBXBuildFile; fileRef = BEE59E1E2F3223DB00230D3D /* FZShowsFetcher.swift */; };
/* End PBXBuildFile section */

/* Begin PBXFileReference section */
		114158B3DA31188C0E2D5237 /* Pods-ZappaStream.release.xcconfig */ = {isa = PBXFileReference; includeInIndex = 1; lastKnownFileType = text.xcconfig; name = "Pods-ZappaStream.release.xcconfig"; path = "Target Support Files/Pods-ZappaStream/Pods-ZappaStream.release.xcconfig"; sourceTree = "<group>"; };
		774EF79169BA133AE787E350 /* Pods_ZappaStream.framework */ = {isa = PBXFileReference; explicitFileType = wrapper.framework; includeInIndex = 0; path = Pods_ZappaStream.framework; sourceTree = BUILT_PRODUCTS_DIR; };
		82FFBCE2D30DA600491011C3 /* Pods-ZappaStream.debug.xcconfig */ = {isa = PBXFileReference; includeInIndex = 1; lastKnownFileType = text.xcconfig; name = "Pods-ZappaStream.debug.xcconfig"; path = "Target Support Files/Pods-ZappaStream/Pods-ZappaStream.debug.xcconfig"; sourceTree = "<group>"; };
		BE1A341B2F30C6D600647B01 /* ZappaStream.app */ = {isa = PBXFileReference; explicitFileType = wrapper.application; includeInIndex = 0; path = ZappaStream.app; sourceTree = BUILT_PRODUCTS_DIR; };
		BE1A341E2F30C6D600647B01 /* ZappaStreamApp.swift */ = {isa = PBXFileReference; lastKnownFileType = sourcecode.swift; path = ZappaStreamApp.swift; sourceTree = "<group>"; };
		BE1A34202F30C6D600647B01 /* ContentView.swift */ = {isa = PBXFileReference; lastKnownFileType = sourcecode.swift; path = ContentView.swift; sourceTree = "<group>"; };
		BE1A34222F30C6D600647B01 /* Item.swift */ = {isa = PBXFileReference; lastKnownFileType = sourcecode.swift; path = Item.swift; sourceTree = "<group>"; };
		BE1A34242F30C6D800647B01 /* Assets.xcassets */ = {isa = PBXFileReference; lastKnownFileType = folder.assetcatalog; path = Assets.xcassets; sourceTree = "<group>"; };
		BE1A34262F30C6D800647B01 /* ZappaStream.entitlements */ = {isa = PBXFileReference; lastKnownFileType = text.plist.entitlements; path = ZappaStream.entitlements; sourceTree = "<group>"; };
		BE1A34282F30C6D800647B01 /* Preview Assets.xcassets */ = {isa = PBXFileReference; lastKnownFileType = folder.assetcatalog; path = "Preview Assets.xcassets"; sourceTree = "<group>"; };
		BE88693E2F31043D003E52DE /* IcecastStreamReader.swift */ = {isa = PBXFileReference; lastKnownFileType = sourcecode.swift; path = IcecastStreamReader.swift; sourceTree = "<group>"; };
		BE9A83BC2F33ABC900D3B5D7 /* ParsedTrackInfo.swift */ = {isa = PBXFileReference; lastKnownFileType = sourcecode.swift; path = ParsedTrackInfo.swift; sourceTree = "<group>"; };
		BE9A83BE2F33AC3500D3B5D7 /* Stream.swift */ = {isa = PBXFileReference; lastKnownFileType = sourcecode.swift; path = Stream.swift; sourceTree = "<group>"; };
		BED5C49B2F30D50C009DB6FE /* Cocoa.framework */ = {isa = PBXFileReference; lastKnownFileType = wrapper.framework; name = Cocoa.framework; path = System/Library/Frameworks/Cocoa.framework; sourceTree = SDKROOT; };
		BEE59E1E2F3223DB00230D3D /* FZShowsFetcher.swift */ = {isa = PBXFileReference; lastKnownFileType = sourcecode.swift; path = FZShowsFetcher.swift; sourceTree = "<group>"; };
/* End PBXFileReference section */

/* Begin PBXFrameworksBuildPhase section */
		BE1A34182F30C6D600647B01 /* Frameworks */ = {
			isa = PBXFrameworksBuildPhase;
			buildActionMask = 2147483647;
			files = (
				BED5C49C2F30D50C009DB6FE /* Cocoa.framework in Frameworks */,
				21BE041F9119BEFC92D75A73 /* Pods_ZappaStream.framework in Frameworks */,
			);
			runOnlyForDeploymentPostprocessing = 0;
		};
/* End PBXFrameworksBuildPhase section */

/* Begin PBXGroup section */
		A806FBCBFC537F38D854EC63 /* Pods */ = {
			isa = PBXGroup;
			children = (
				82FFBCE2D30DA600491011C3 /* Pods-ZappaStream.debug.xcconfig */,
				114158B3DA31188C0E2D5237 /* Pods-ZappaStream.release.xcconfig */,
			);
			path = Pods;
			sourceTree = "<group>";
		};
		B7EB114D716DB2355761DC19 /* Frameworks */ = {
			isa = PBXGroup;
			children = (
				BED5C49B2F30D50C009DB6FE /* Cocoa.framework */,
				774EF79169BA133AE787E350 /* Pods_ZappaStream.framework */,
			);
			name = Frameworks;
			sourceTree = "<group>";
		};
		BE1A34122F30C6D600647B01 = {
			isa = PBXGroup;
			children = (
				BE1A341D2F30C6D600647B01 /* ZappaStream */,
				BE1A341C2F30C6D600647B01 /* Products */,
				A806FBCBFC537F38D854EC63 /* Pods */,
				B7EB114D716DB2355761DC19 /* Frameworks */,
			);
			sourceTree = "<group>";
		};
		BE1A341C2F30C6D600647B01 /* Products */ = {
			isa = PBXGroup;
			children = (
				BE1A341B2F30C6D600647B01 /* ZappaStream.app */,
			);
			name = Products;
			sourceTree = "<group>";
		};
		BE1A341D2F30C6D600647B01 /* ZappaStream */ = {
			isa = PBXGroup;
			children = (
				BEE59E1E2F3223DB00230D3D /* FZShowsFetcher.swift */,
				BE88693E2F31043D003E52DE /* IcecastStreamReader.swift */,
				BE1A341E2F30C6D600647B01 /* ZappaStreamApp.swift */,
				BE1A34202F30C6D600647B01 /* ContentView.swift */,
				BE1A34222F30C6D600647B01 /* Item.swift */,
				BE1A34242F30C6D800647B01 /* Assets.xcassets */,
				BE1A34262F30C6D800647B01 /* ZappaStream.entitlements */,
				BE1A34272F30C6D800647B01 /* Preview Content */,
				BE9A83BC2F33ABC900D3B5D7 /* ParsedTrackInfo.swift */,
				BE9A83BE2F33AC3500D3B5D7 /* Stream.swift */,
			);
			path = ZappaStream;
			sourceTree = "<group>";
		};
		BE1A34272F30C6D800647B01 /* Preview Content */ = {
			isa = PBXGroup;
			children = (
				BE1A34282F30C6D800647B01 /* Preview Assets.xcassets */,
			);
			path = "Preview Content";
			sourceTree = "<group>";
		};
/* End PBXGroup section */

/* Begin PBXNativeTarget section */
		BE1A341A2F30C6D600647B01 /* ZappaStream */ = {
			isa = PBXNativeTarget;
			buildConfigurationList = BE1A342C2F30C6D800647B01 /* Build configuration list for PBXNativeTarget "ZappaStream" */;
			buildPhases = (
				564F4E6083CF909C1EF1B04C /* [CP] Check Pods Manifest.lock */,
				BE1A34172F30C6D600647B01 /* Sources */,
				BE1A34182F30C6D600647B01 /* Frameworks */,
				BE1A34192F30C6D600647B01 /* Resources */,
				B47B06E245917E6357ACCCC9 /* [CP] Embed Pods Frameworks */,
			);
			buildRules = (
			);
			dependencies = (
			);
			name = ZappaStream;
			productName = ZappaStream;
			productReference = BE1A341B2F30C6D600647B01 /* ZappaStream.app */;
			productType = "com.apple.product-type.application";
		};
/* End PBXNativeTarget section */

/* Begin PBXProject section */
		BE1A34132F30C6D600647B01 /* Project object */ = {
			isa = PBXProject;
			attributes = {
				BuildIndependentTargetsInParallel = 1;
				LastSwiftUpdateCheck = 1540;
				LastUpgradeCheck = 1540;
				TargetAttributes = {
					BE1A341A2F30C6D600647B01 = {
						CreatedOnToolsVersion = 15.4;
					};
				};
			};
			buildConfigurationList = BE1A34162F30C6D600647B01 /* Build configuration list for PBXProject "ZappaStream" */;
			compatibilityVersion = "Xcode 14.0";
			developmentRegion = en;
			hasScannedForEncodings = 0;
			knownRegions = (
				en,
				Base,
			);
			mainGroup = BE1A34122F30C6D600647B01;
			productRefGroup = BE1A341C2F30C6D600647B01 /* Products */;
			projectDirPath = "";
			projectRoot = "";
			targets = (
				BE1A341A2F30C6D600647B01 /* ZappaStream */,
			);
		};
/* End PBXProject section */

/* Begin PBXResourcesBuildPhase section */
		BE1A34192F30C6D600647B01 /* Resources */ = {
			isa = PBXResourcesBuildPhase;
			buildActionMask = 2147483647;
			files = (
				BE1A34292F30C6D800647B01 /* Preview Assets.xcassets in Resources */,
				BE1A34252F30C6D800647B01 /* Assets.xcassets in Resources */,
			);
			runOnlyForDeploymentPostprocessing = 0;
		};
/* End PBXResourcesBuildPhase section */

/* Begin PBXShellScriptBuildPhase section */
		564F4E6083CF909C1EF1B04C /* [CP] Check Pods Manifest.lock */ = {
			isa = PBXShellScriptBuildPhase;
			buildActionMask = 2147483647;
			files = (
			);
			inputFileListPaths = (
			);
			inputPaths = (
				"${PODS_PODFILE_DIR_PATH}/Podfile.lock",
				"${PODS_ROOT}/Manifest.lock",
			);
			name = "[CP] Check Pods Manifest.lock";
			outputFileListPaths = (
			);
			outputPaths = (
				"$(DERIVED_FILE_DIR)/Pods-ZappaStream-checkManifestLockResult.txt",
			);
			runOnlyForDeploymentPostprocessing = 0;
			shellPath = /bin/sh;
			shellScript = "diff \"${PODS_PODFILE_DIR_PATH}/Podfile.lock\" \"${PODS_ROOT}/Manifest.lock\" > /dev/null\nif [ $? != 0 ] ; then\n    # print error to STDERR\n    echo \"error: The sandbox is not in sync with the Podfile.lock. Run 'pod install' or update your CocoaPods installation.\" >&2\n    exit 1\nfi\n# This output is used by Xcode 'outputs' to avoid re-running this script phase.\necho \"SUCCESS\" > \"${SCRIPT_OUTPUT_FILE_0}\"\n";
			showEnvVarsInLog = 0;
		};
		B47B06E245917E6357ACCCC9 /* [CP] Embed Pods Frameworks */ = {
			isa = PBXShellScriptBuildPhase;
			buildActionMask = 2147483647;
			files = (
			);
			inputFileListPaths = (
			);
			name = "[CP] Embed Pods Frameworks";
			outputFileListPaths = (
			);
			runOnlyForDeploymentPostprocessing = 0;
			shellPath = /bin/sh;
			shellScript = "\"${PODS_ROOT}/Target Support Files/Pods-ZappaStream/Pods-ZappaStream-frameworks.sh\"\n";
			showEnvVarsInLog = 0;
		};
/* End PBXShellScriptBuildPhase section */

/* Begin PBXSourcesBuildPhase section */
		BE1A34172F30C6D600647B01 /* Sources */ = {
			isa = PBXSourcesBuildPhase;
			buildActionMask = 2147483647;
			files = (
				BE1A34212F30C6D600647B01 /* ContentView.swift in Sources */,
				BEE59E1F2F3223DB00230D3D /* FZShowsFetcher.swift in Sources */,
				BE1A34232F30C6D600647B01 /* Item.swift in Sources */,
				BE1A341F2F30C6D600647B01 /* ZappaStreamApp.swift in Sources */,
				BE9A83BD2F33ABC900D3B5D7 /* ParsedTrackInfo.swift in Sources */,
				BE88693F2F31043D003E52DE /* IcecastStreamReader.swift in Sources */,
				BE9A83BF2F33AC3500D3B5D7 /* Stream.swift in Sources */,
			);
			runOnlyForDeploymentPostprocessing = 0;
		};
/* End PBXSourcesBuildPhase section */

/* Begin XCBuildConfiguration section */
		BE1A342A2F30C6D800647B01 /* Debug */ = {
			isa = XCBuildConfiguration;
			buildSettings = {
				ALWAYS_SEARCH_USER_PATHS = NO;
				ASSETCATALOG_COMPILER_GENERATE_SWIFT_ASSET_SYMBOL_EXTENSIONS = YES;
				CLANG_ANALYZER_NONNULL = YES;
				CLANG_ANALYZER_NUMBER_OBJECT_CONVERSION = YES_AGGRESSIVE;
				CLANG_CXX_LANGUAGE_STANDARD = "gnu++20";
				CLANG_ENABLE_MODULES = YES;
				CLANG_ENABLE_OBJC_ARC = YES;
				CLANG_ENABLE_OBJC_WEAK = YES;
				CLANG_WARN_BLOCK_CAPTURE_AUTORELEASING = YES;
				CLANG_WARN_BOOL_CONVERSION = YES;
				CLANG_WARN_COMMA = YES;
				CLANG_WARN_CONSTANT_CONVERSION = YES;
				CLANG_WARN_DEPRECATED_OBJC_IMPLEMENTATIONS = YES;
				CLANG_WARN_DIRECT_OBJC_ISA_USAGE = YES_ERROR;
				CLANG_WARN_DOCUMENTATION_COMMENTS = YES;
				CLANG_WARN_EMPTY_BODY = YES;
				CLANG_WARN_ENUM_CONVERSION = YES;
				CLANG_WARN_INFINITE_RECURSION = YES;
				CLANG_WARN_INT_CONVERSION = YES;
				CLANG_WARN_NON_LITERAL_NULL_CONVERSION = YES;
				CLANG_WARN_OBJC_IMPLICIT_RETAIN_SELF = YES;
				CLANG_WARN_OBJC_LITERAL_CONVERSION = YES;
				CLANG_WARN_OBJC_ROOT_CLASS = YES_ERROR;
				CLANG_WARN_QUOTED_INCLUDE_IN_FRAMEWORK_HEADER = YES;
				CLANG_WARN_RANGE_LOOP_ANALYSIS = YES;
				CLANG_WARN_STRICT_PROTOTYPES = YES;
				CLANG_WARN_SUSPICIOUS_MOVE = YES;
				CLANG_WARN_UNGUARDED_AVAILABILITY = YES_AGGRESSIVE;
				CLANG_WARN_UNREACHABLE_CODE = YES;
				CLANG_WARN__DUPLICATE_METHOD_MATCH = YES;
				COPY_PHASE_STRIP = NO;
				DEBUG_INFORMATION_FORMAT = dwarf;
				ENABLE_STRICT_OBJC_MSGSEND = YES;
				ENABLE_TESTABILITY = YES;
				ENABLE_USER_SCRIPT_SANDBOXING = YES;
				GCC_C_LANGUAGE_STANDARD = gnu17;
				GCC_DYNAMIC_NO_PIC = NO;
				GCC_NO_COMMON_BLOCKS = YES;
				GCC_OPTIMIZATION_LEVEL = 0;
				GCC_PREPROCESSOR_DEFINITIONS = (
					"DEBUG=1",
					"$(inherited)",
				);
				GCC_WARN_64_TO_32_BIT_CONVERSION = YES;
				GCC_WARN_ABOUT_RETURN_TYPE = YES_ERROR;
				GCC_WARN_UNDECLARED_SELECTOR = YES;
				GCC_WARN_UNINITIALIZED_AUTOS = YES_AGGRESSIVE;
				GCC_WARN_UNUSED_FUNCTION = YES;
				GCC_WARN_UNUSED_VARIABLE = YES;
				LOCALIZATION_PREFERS_STRING_CATALOGS = YES;
				MTL_ENABLE_DEBUG_INFO = INCLUDE_SOURCE;
				MTL_FAST_MATH = YES;
				ONLY_ACTIVE_ARCH = YES;
				SWIFT_ACTIVE_COMPILATION_CONDITIONS = "DEBUG $(inherited)";
				SWIFT_OPTIMIZATION_LEVEL = "-Onone";
			};
			name = Debug;
		};
		BE1A342B2F30C6D800647B01 /* Release */ = {
			isa = XCBuildConfiguration;
			buildSettings = {
				ALWAYS_SEARCH_USER_PATHS = NO;
				ASSETCATALOG_COMPILER_GENERATE_SWIFT_ASSET_SYMBOL_EXTENSIONS = YES;
				CLANG_ANALYZER_NONNULL = YES;
				CLANG_ANALYZER_NUMBER_OBJECT_CONVERSION = YES_AGGRESSIVE;
				CLANG_CXX_LANGUAGE_STANDARD = "gnu++20";
				CLANG_ENABLE_MODULES = YES;
				CLANG_ENABLE_OBJC_ARC = YES;
				CLANG_ENABLE_OBJC_WEAK = YES;
				CLANG_WARN_BLOCK_CAPTURE_AUTORELEASING = YES;
				CLANG_WARN_BOOL_CONVERSION = YES;
				CLANG_WARN_COMMA = YES;
				CLANG_WARN_CONSTANT_CONVERSION = YES;
				CLANG_WARN_DEPRECATED_OBJC_IMPLEMENTATIONS = YES;
				CLANG_WARN_DIRECT_OBJC_ISA_USAGE = YES_ERROR;
				CLANG_WARN_DOCUMENTATION_COMMENTS = YES;
				CLANG_WARN_EMPTY_BODY = YES;
				CLANG_WARN_ENUM_CONVERSION = YES;
				CLANG_WARN_INFINITE_RECURSION = YES;
				CLANG_WARN_INT_CONVERSION = YES;
				CLANG_WARN_NON_LITERAL_NULL_CONVERSION = YES;
				CLANG_WARN_OBJC_IMPLICIT_RETAIN_SELF = YES;
				CLANG_WARN_OBJC_LITERAL_CONVERSION = YES;
				CLANG_WARN_OBJC_ROOT_CLASS = YES_ERROR;
				CLANG_WARN_QUOTED_INCLUDE_IN_FRAMEWORK_HEADER = YES;
				CLANG_WARN_RANGE_LOOP_ANALYSIS = YES;
				CLANG_WARN_STRICT_PROTOTYPES = YES;
				CLANG_WARN_SUSPICIOUS_MOVE = YES;
				CLANG_WARN_UNGUARDED_AVAILABILITY = YES_AGGRESSIVE;
				CLANG_WARN_UNREACHABLE_CODE = YES;
				CLANG_WARN__DUPLICATE_METHOD_MATCH = YES;
				COPY_PHASE_STRIP = NO;
				DEBUG_INFORMATION_FORMAT = "dwarf-with-dsym";
				ENABLE_NS_ASSERTIONS = NO;
				ENABLE_STRICT_OBJC_MSGSEND = YES;
				ENABLE_USER_SCRIPT_SANDBOXING = YES;
				GCC_C_LANGUAGE_STANDARD = gnu17;
				GCC_NO_COMMON_BLOCKS = YES;
				GCC_WARN_64_TO_32_BIT_CONVERSION = YES;
				GCC_WARN_ABOUT_RETURN_TYPE = YES_ERROR;
				GCC_WARN_UNDECLARED_SELECTOR = YES;
				GCC_WARN_UNINITIALIZED_AUTOS = YES_AGGRESSIVE;
				GCC_WARN_UNUSED_FUNCTION = YES;
				GCC_WARN_UNUSED_VARIABLE = YES;
				LOCALIZATION_PREFERS_STRING_CATALOGS = YES;
				MTL_ENABLE_DEBUG_INFO = NO;
				MTL_FAST_MATH = YES;
				SWIFT_COMPILATION_MODE = wholemodule;
			};
			name = Release;
		};
		BE1A342D2F30C6D800647B01 /* Debug */ = {
			isa = XCBuildConfiguration;
			baseConfigurationReference = 82FFBCE2D30DA600491011C3 /* Pods-ZappaStream.debug.xcconfig */;
			buildSettings = {
				ASSETCATALOG_COMPILER_APPICON_NAME = AppIcon;
				ASSETCATALOG_COMPILER_GLOBAL_ACCENT_COLOR_NAME = AccentColor;
				CODE_SIGN_ENTITLEMENTS = ZappaStream/ZappaStream.entitlements;
				CODE_SIGN_STYLE = Automatic;
				CURRENT_PROJECT_VERSION = 1;
				DEVELOPMENT_ASSET_PATHS = "\"ZappaStream/Preview Content\"";
				DEVELOPMENT_TEAM = UZA73C6M3L;
				ENABLE_PREVIEWS = YES;
				ENABLE_USER_SCRIPT_SANDBOXING = NO;
				GENERATE_INFOPLIST_FILE = YES;
				"INFOPLIST_KEY_UIApplicationSceneManifest_Generation[sdk=iphoneos*]" = YES;
				"INFOPLIST_KEY_UIApplicationSceneManifest_Generation[sdk=iphonesimulator*]" = YES;
				"INFOPLIST_KEY_UIApplicationSupportsIndirectInputEvents[sdk=iphoneos*]" = YES;
				"INFOPLIST_KEY_UIApplicationSupportsIndirectInputEvents[sdk=iphonesimulator*]" = YES;
				"INFOPLIST_KEY_UILaunchScreen_Generation[sdk=iphoneos*]" = YES;
				"INFOPLIST_KEY_UILaunchScreen_Generation[sdk=iphonesimulator*]" = YES;
				"INFOPLIST_KEY_UIStatusBarStyle[sdk=iphoneos*]" = UIStatusBarStyleDefault;
				"INFOPLIST_KEY_UIStatusBarStyle[sdk=iphonesimulator*]" = UIStatusBarStyleDefault;
				INFOPLIST_KEY_UISupportedInterfaceOrientations_iPad = "UIInterfaceOrientationPortrait UIInterfaceOrientationPortraitUpsideDown UIInterfaceOrientationLandscapeLeft UIInterfaceOrientationLandscapeRight";
				INFOPLIST_KEY_UISupportedInterfaceOrientations_iPhone = "UIInterfaceOrientationPortrait UIInterfaceOrientationLandscapeLeft UIInterfaceOrientationLandscapeRight";
				IPHONEOS_DEPLOYMENT_TARGET = 17.5;
				LD_RUNPATH_SEARCH_PATHS = "@executable_path/Frameworks";
				"LD_RUNPATH_SEARCH_PATHS[sdk=macosx*]" = "@executable_path/../Frameworks";
				MACOSX_DEPLOYMENT_TARGET = 14.0;
				MARKETING_VERSION = 1.0;
				PRODUCT_BUNDLE_IDENTIFIER = com.datisit.ZappaStream;
				PRODUCT_NAME = "$(TARGET_NAME)";
				SDKROOT = auto;
				SUPPORTED_PLATFORMS = "iphoneos iphonesimulator macosx";
				SWIFT_EMIT_LOC_STRINGS = YES;
				SWIFT_VERSION = 5.0;
				TARGETED_DEVICE_FAMILY = "1,2";
			};
			name = Debug;
		};
		BE1A342E2F30C6D800647B01 /* Release */ = {
			isa = XCBuildConfiguration;
			baseConfigurationReference = 114158B3DA31188C0E2D5237 /* Pods-ZappaStream.release.xcconfig */;
			buildSettings = {
				ASSETCATALOG_COMPILER_APPICON_NAME = AppIcon;
				ASSETCATALOG_COMPILER_GLOBAL_ACCENT_COLOR_NAME = AccentColor;
				CODE_SIGN_ENTITLEMENTS = ZappaStream/ZappaStream.entitlements;
				CODE_SIGN_STYLE = Automatic;
				CURRENT_PROJECT_VERSION = 1;
				DEVELOPMENT_ASSET_PATHS = "\"ZappaStream/Preview Content\"";
				DEVELOPMENT_TEAM = UZA73C6M3L;
				ENABLE_PREVIEWS = YES;
				ENABLE_USER_SCRIPT_SANDBOXING = NO;
				GENERATE_INFOPLIST_FILE = YES;
				"INFOPLIST_KEY_UIApplicationSceneManifest_Generation[sdk=iphoneos*]" = YES;
				"INFOPLIST_KEY_UIApplicationSceneManifest_Generation[sdk=iphonesimulator*]" = YES;
				"INFOPLIST_KEY_UIApplicationSupportsIndirectInputEvents[sdk=iphoneos*]" = YES;
				"INFOPLIST_KEY_UIApplicationSupportsIndirectInputEvents[sdk=iphonesimulator*]" = YES;
				"INFOPLIST_KEY_UILaunchScreen_Generation[sdk=iphoneos*]" = YES;
				"INFOPLIST_KEY_UILaunchScreen_Generation[sdk=iphonesimulator*]" = YES;
				"INFOPLIST_KEY_UIStatusBarStyle[sdk=iphoneos*]" = UIStatusBarStyleDefault;
				"INFOPLIST_KEY_UIStatusBarStyle[sdk=iphonesimulator*]" = UIStatusBarStyleDefault;
				INFOPLIST_KEY_UISupportedInterfaceOrientations_iPad = "UIInterfaceOrientationPortrait UIInterfaceOrientationPortraitUpsideDown UIInterfaceOrientationLandscapeLeft UIInterfaceOrientationLandscapeRight";
				INFOPLIST_KEY_UISupportedInterfaceOrientations_iPhone = "UIInterfaceOrientationPortrait UIInterfaceOrientationLandscapeLeft UIInterfaceOrientationLandscapeRight";
				IPHONEOS_DEPLOYMENT_TARGET = 17.5;
				LD_RUNPATH_SEARCH_PATHS = "@executable_path/Frameworks";
				"LD_RUNPATH_SEARCH_PATHS[sdk=macosx*]" = "@executable_path/../Frameworks";
				MACOSX_DEPLOYMENT_TARGET = 14.0;
				MARKETING_VERSION = 1.0;
				PRODUCT_BUNDLE_IDENTIFIER = com.datisit.ZappaStream;
				PRODUCT_NAME = "$(TARGET_NAME)";
				SDKROOT = auto;
				SUPPORTED_PLATFORMS = "iphoneos iphonesimulator macosx";
				SWIFT_EMIT_LOC_STRINGS = YES;
				SWIFT_VERSION = 5.0;
				TARGETED_DEVICE_FAMILY = "1,2";
			};
			name = Release;
		};
/* End XCBuildConfiguration section */

/* Begin XCConfigurationList section */
		BE1A34162F30C6D600647B01 /* Build configuration list for PBXProject "ZappaStream" */ = {
			isa = XCConfigurationList;
			buildConfigurations = (
				BE1A342A2F30C6D800647B01 /* Debug */,
				BE1A342B2F30C6D800647B01 /* Release */,
			);
			defaultConfigurationIsVisible = 0;
			defaultConfigurationName = Release;
		};
		BE1A342C2F30C6D800647B01 /* Build configuration list for PBXNativeTarget "ZappaStream" */ = {
			isa = XCConfigurationList;
			buildConfigurations = (
				BE1A342D2F30C6D800647B01 /* Debug */,
				BE1A342E2F30C6D800647B01 /* Release */,
			);
			defaultConfigurationIsVisible = 0;
			defaultConfigurationName = Release;
		};
/* End XCConfigurationList section */
	};
	rootObject = BE1A34132F30C6D600647B01 /* Project object */;
}
